{
  "nodes": {
    "nix": {
      "info": {
        "lastModified": 1582127508,
        "narHash": "sha256-zApv6JURtwXLr0//yhl/DIG7iCShP7vkbWJ96YvVsoA="
      },
      "inputs": {
        "nixpkgs": "nixpkgs"
      },
      "locked": {
        "owner": "dguibert",
        "repo": "nix",
        "rev": "bc582aad4bbae193d69a4384887fad53154d651e",
        "type": "github"
      },
      "original": {
        "owner": "dguibert",
        "ref": "pu",
        "repo": "nix",
        "type": "github"
      }
    },
    "nixpkgs": {
      "info": {
        "narHash": "sha256-ZzR2l1dovxeZ555KXxz7SAXrC72BfaR4BeqvJzRdmwQ="
      },
      "locked": {
        "owner": "edolstra",
        "repo": "nixpkgs",
        "rev": "d37927a77e70a2b3408ceaa2e763b6df1f4d941a",
        "type": "github"
      },
      "original": {
        "id": "nixpkgs",
        "ref": "release-19.09",
        "type": "indirect"
      }
    },
    "nixpkgs_2": {
      "info": {
        "lastModified": 1591607030,
        "narHash": "sha256-sBCHPPZAQH58gsB9mtS3Nb7BfYFmtIaZfMFIOOrCYBE="
      },
      "locked": {
        "owner": "dguibert",
        "repo": "nixpkgs",
        "rev": "b205c1f8bd8aac1581d556549b9f8075d482d848",
        "type": "github"
      },
      "original": {
        "owner": "dguibert",
        "ref": "pu",
        "repo": "nixpkgs",
        "type": "github"
      }
    },
    "root": {
      "inputs": {
        "nix": "nix",
        "nixpkgs": "nixpkgs_2"
      }
    }
  },
  "root": "root",
  "version": 5
}
