{
  "nodes": {
    "dwl-src": {
      "flake": false,
      "locked": {
        "lastModified": 1701451002,
        "narHash": "sha256-AGgpGSSQRNCh1XAQX01qBFnP4p/HZeIk25RjEVZJGMk=",
        "owner": "dguibert",
        "repo": "dwl",
        "rev": "966da6cc3f9e021c71e25a103d1d87c637b91d0b",
        "type": "github"
      },
      "original": {
        "owner": "dguibert",
        "ref": "pu",
        "repo": "dwl",
        "type": "github"
      }
    },
    "dwm-src": {
      "flake": false,
      "locked": {
        "lastModified": 1649608053,
        "narHash": "sha256-+v2wof46XG/n85zVY82GIuKgzr0K9s1apPfaDSyuqos=",
        "owner": "dguibert",
        "repo": "dwm",
        "rev": "306e1790145849abd30ef6c81051755a6813ff30",
        "type": "github"
      },
      "original": {
        "owner": "dguibert",
        "ref": "pu",
        "repo": "dwm",
        "type": "github"
      }
    },
    "emacs-overlay": {
      "inputs": {
        "flake-utils": "flake-utils",
        "nixpkgs": [
          "nixpkgs"
        ],
        "nixpkgs-stable": "nixpkgs-stable"
      },
      "locked": {
        "lastModified": 1705308839,
        "narHash": "sha256-Nh7VhV1cGi/uomev6L87ahmEyGObBtMckrUH4mbbBX4=",
        "owner": "nix-community",
        "repo": "emacs-overlay",
        "rev": "b36b61e6161891b596271b017f5774f9441b516b",
        "type": "github"
      },
      "original": {
        "owner": "nix-community",
        "repo": "emacs-overlay",
        "type": "github"
      }
    },
    "emacs-src": {
      "flake": false,
      "locked": {
        "lastModified": 1705269561,
        "narHash": "sha256-RyLAV4LTza6YImxnvWlzNMStrq/ShxkgRKuDUWYh6Lk=",
        "owner": "emacs-mirror",
        "repo": "emacs",
        "rev": "5bb5590dec95e813ed120b3f09734451b4ebb18f",
        "type": "github"
      },
      "original": {
        "owner": "emacs-mirror",
        "ref": "emacs-29",
        "repo": "emacs",
        "type": "github"
      }
    },
    "flake-compat": {
      "flake": false,
      "locked": {
        "lastModified": 1673956053,
        "narHash": "sha256-4gtG9iQuiKITOjNQQeQIpoIB6b16fm+504Ch3sNKLd8=",
        "owner": "edolstra",
        "repo": "flake-compat",
        "rev": "35bb57c0c8d8b62bbfd284272c928ceb64ddbde9",
        "type": "github"
      },
      "original": {
        "owner": "edolstra",
        "repo": "flake-compat",
        "type": "github"
      }
    },
    "flake-compat_2": {
      "flake": false,
      "locked": {
        "lastModified": 1696426674,
        "narHash": "sha256-kvjfFW7WAETZlt09AgDn1MrtKzP7t90Vf7vypd3OL1U=",
        "owner": "edolstra",
        "repo": "flake-compat",
        "rev": "0f9255e01c2351cc7d116c072cb317785dd33b33",
        "type": "github"
      },
      "original": {
        "owner": "edolstra",
        "repo": "flake-compat",
        "type": "github"
      }
    },
    "flake-parts": {
      "inputs": {
        "nixpkgs-lib": "nixpkgs-lib"
      },
      "locked": {
        "lastModified": 1704982712,
        "narHash": "sha256-2Ptt+9h8dczgle2Oo6z5ni5rt/uLMG47UFTR1ry/wgg=",
        "owner": "hercules-ci",
        "repo": "flake-parts",
        "rev": "07f6395285469419cf9d078f59b5b49993198c00",
        "type": "github"
      },
      "original": {
        "owner": "hercules-ci",
        "repo": "flake-parts",
        "type": "github"
      }
    },
    "flake-utils": {
      "inputs": {
        "systems": "systems"
      },
      "locked": {
        "lastModified": 1701680307,
        "narHash": "sha256-kAuep2h5ajznlPMD9rnQyffWG8EM/C73lejGofXvdM8=",
        "owner": "numtide",
        "repo": "flake-utils",
        "rev": "4022d587cbbfd70fe950c1e2083a02621806a725",
        "type": "github"
      },
      "original": {
        "owner": "numtide",
        "repo": "flake-utils",
        "type": "github"
      }
    },
    "flake-utils_2": {
      "inputs": {
        "systems": "systems_2"
      },
      "locked": {
        "lastModified": 1705309234,
        "narHash": "sha256-uNRRNRKmJyCRC/8y1RqBkqWBLM034y4qN7EprSdmgyA=",
        "owner": "numtide",
        "repo": "flake-utils",
        "rev": "1ef2e671c3b0c19053962c07dbda38332dcebf26",
        "type": "github"
      },
      "original": {
        "owner": "numtide",
        "repo": "flake-utils",
        "type": "github"
      }
    },
    "gitignore": {
      "inputs": {
        "nixpkgs": [
          "pre-commit-hooks",
          "nixpkgs"
        ]
      },
      "locked": {
        "lastModified": 1703887061,
        "narHash": "sha256-gGPa9qWNc6eCXT/+Z5/zMkyYOuRZqeFZBDbopNZQkuY=",
        "owner": "hercules-ci",
        "repo": "gitignore.nix",
        "rev": "43e1aa1308018f37118e34d3a9cb4f5e75dc11d5",
        "type": "github"
      },
      "original": {
        "owner": "hercules-ci",
        "repo": "gitignore.nix",
        "type": "github"
      }
    },
    "lowdown-src": {
      "flake": false,
      "locked": {
        "lastModified": 1633514407,
        "narHash": "sha256-Dw32tiMjdK9t3ETl5fzGrutQTzh2rufgZV4A/BbxuD4=",
        "owner": "kristapsdz",
        "repo": "lowdown",
        "rev": "d2c2b44ff6c27b936ec27358a2653caaef8f73b8",
        "type": "github"
      },
      "original": {
        "owner": "kristapsdz",
        "repo": "lowdown",
        "rev": "d2c2b44ff6c27b936ec27358a2653caaef8f73b8",
        "type": "github"
      }
    },
    "mako-src": {
      "flake": false,
      "locked": {
        "lastModified": 1703625699,
        "narHash": "sha256-zCup6ab/xt7dP7oVfrVw4UZkOY9+SKmT++NELLqMyhI=",
        "owner": "emersion",
        "repo": "mako",
        "rev": "5ee7c858b4722f8a03191ec11dcb84a46ffa0219",
        "type": "github"
      },
      "original": {
        "owner": "emersion",
        "ref": "master",
        "repo": "mako",
        "type": "github"
      }
    },
    "nix": {
      "inputs": {
        "flake-compat": "flake-compat",
        "lowdown-src": [
          "lowdown-src"
        ],
        "nixpkgs": [
          "nixpkgs"
        ],
        "nixpkgs-regression": "nixpkgs-regression"
      },
      "locked": {
        "lastModified": 1704985580,
        "narHash": "sha256-9IwOkn7ZqkCNiKA+ZXQ8k0HL/PBgk19Pw8lObZbS2ls=",
        "owner": "NixOS",
        "repo": "nix",
        "rev": "60eb80593f3a18aebc7672ad7007cb23c14db061",
        "type": "github"
      },
      "original": {
        "owner": "NixOS",
        "ref": "2.18-maintenance",
        "repo": "nix",
        "type": "github"
      }
    },
    "nix-custom-store": {
      "inputs": {
        "nix": [
          "nix"
        ],
        "nixpkgs": "nixpkgs"
      },
      "locked": {
        "lastModified": 1704140128,
        "narHash": "sha256-nPU6JVILUq1F1KIiH58RU7i78Ro/YcJGHgu2WirRLMI=",
        "owner": "dguibert",
        "repo": "nix-custom-store",
        "rev": "ee7978e0f475f12d973424f337185e26b87e6cc2",
        "type": "github"
      },
      "original": {
        "owner": "dguibert",
        "repo": "nix-custom-store",
        "type": "github"
      }
    },
    "nixpkgs": {
      "locked": {
        "lastModified": 1704100000,
        "narHash": "sha256-A5LRVMBmu9FV/f4dhGKX5GBjnoQpXSFM1fTAupuoVqE=",
        "owner": "NixOS",
        "repo": "nixpkgs",
        "rev": "d43ca16558b597d0b2f32e5629da69a7837eb2af",
        "type": "github"
      },
      "original": {
        "owner": "NixOS",
        "ref": "master",
        "repo": "nixpkgs",
        "type": "github"
      }
    },
    "nixpkgs-lib": {
      "locked": {
        "dir": "lib",
        "lastModified": 1703961334,
        "narHash": "sha256-M1mV/Cq+pgjk0rt6VxoyyD+O8cOUiai8t9Q6Yyq4noY=",
        "owner": "NixOS",
        "repo": "nixpkgs",
        "rev": "b0d36bd0a420ecee3bc916c91886caca87c894e9",
        "type": "github"
      },
      "original": {
        "dir": "lib",
        "owner": "NixOS",
        "ref": "nixos-unstable",
        "repo": "nixpkgs",
        "type": "github"
      }
    },
    "nixpkgs-regression": {
      "locked": {
        "lastModified": 1643052045,
        "narHash": "sha256-uGJ0VXIhWKGXxkeNnq4TvV3CIOkUJ3PAoLZ3HMzNVMw=",
        "owner": "NixOS",
        "repo": "nixpkgs",
        "rev": "215d4d0fd80ca5163643b03a33fde804a29cc1e2",
        "type": "github"
      },
      "original": {
        "owner": "NixOS",
        "repo": "nixpkgs",
        "rev": "215d4d0fd80ca5163643b03a33fde804a29cc1e2",
        "type": "github"
      }
    },
    "nixpkgs-stable": {
      "locked": {
        "lastModified": 1705183652,
        "narHash": "sha256-rnfkyUH0x72oHfiSDhuCHDHg3gFgF+lF8zkkg5Zihsw=",
        "owner": "NixOS",
        "repo": "nixpkgs",
        "rev": "428544ae95eec077c7f823b422afae5f174dee4b",
        "type": "github"
      },
      "original": {
        "owner": "NixOS",
        "ref": "nixos-23.11",
        "repo": "nixpkgs",
        "type": "github"
      }
    },
    "nixpkgs-stable_2": {
      "locked": {
        "lastModified": 1704874635,
        "narHash": "sha256-YWuCrtsty5vVZvu+7BchAxmcYzTMfolSPP5io8+WYCg=",
        "owner": "NixOS",
        "repo": "nixpkgs",
        "rev": "3dc440faeee9e889fe2d1b4d25ad0f430d449356",
        "type": "github"
      },
      "original": {
        "owner": "NixOS",
        "ref": "nixos-23.11",
        "repo": "nixpkgs",
        "type": "github"
      }
    },
    "nixpkgs_2": {
      "locked": {
        "lastModified": 1706221161,
        "narHash": "sha256-XWLXVI62s1jnxZ9UIhrgizTX0KU1lN4+/sLg1eKA9DA=",
        "owner": "dguibert",
        "repo": "nixpkgs",
        "rev": "87709b4b7956ba85fbff25b071174792facbde41",
        "type": "github"
      },
      "original": {
        "owner": "dguibert",
        "ref": "pu",
        "repo": "nixpkgs",
        "type": "github"
      }
    },
    "pre-commit-hooks": {
      "inputs": {
        "flake-compat": "flake-compat_2",
        "flake-utils": [
          "flake-utils"
        ],
        "gitignore": "gitignore",
        "nixpkgs": [
          "nixpkgs"
        ],
        "nixpkgs-stable": "nixpkgs-stable_2"
      },
      "locked": {
        "lastModified": 1705229514,
        "narHash": "sha256-itILy0zimR/iyUGq5Dgg0fiW8plRDyxF153LWGsg3Cw=",
        "owner": "cachix",
        "repo": "pre-commit-hooks.nix",
        "rev": "ffa9a5b90b0acfaa03b1533b83eaf5dead819a05",
        "type": "github"
      },
      "original": {
        "owner": "cachix",
        "repo": "pre-commit-hooks.nix",
        "type": "github"
      }
    },
    "root": {
      "inputs": {
        "dwl-src": "dwl-src",
        "dwm-src": "dwm-src",
        "emacs-overlay": "emacs-overlay",
        "emacs-src": "emacs-src",
        "flake-parts": "flake-parts",
        "flake-utils": "flake-utils_2",
        "lowdown-src": "lowdown-src",
        "mako-src": "mako-src",
        "nix": "nix",
        "nix-custom-store": "nix-custom-store",
        "nixpkgs": "nixpkgs_2",
        "pre-commit-hooks": "pre-commit-hooks",
        "st-src": "st-src"
      }
    },
    "st-src": {
      "flake": false,
      "locked": {
        "lastModified": 1619005886,
        "narHash": "sha256-PGD1oVKzaFARUJnn+IhgcDwqx8xuvnouLhUjaGwsMto=",
        "owner": "dguibert",
        "repo": "st",
        "rev": "d7faa1e059e1cdb7ba0d2383c1f0fc81d6d00e15",
        "type": "github"
      },
      "original": {
        "owner": "dguibert",
        "ref": "pu",
        "repo": "st",
        "type": "github"
      }
    },
    "systems": {
      "locked": {
        "lastModified": 1681028828,
        "narHash": "sha256-Vy1rq5AaRuLzOxct8nz4T6wlgyUR7zLU309k9mBC768=",
        "owner": "nix-systems",
        "repo": "default",
        "rev": "da67096a3b9bf56a91d16901293e51ba5b49a27e",
        "type": "github"
      },
      "original": {
        "owner": "nix-systems",
        "repo": "default",
        "type": "github"
      }
    },
    "systems_2": {
      "locked": {
        "lastModified": 1681028828,
        "narHash": "sha256-Vy1rq5AaRuLzOxct8nz4T6wlgyUR7zLU309k9mBC768=",
        "owner": "nix-systems",
        "repo": "default",
        "rev": "da67096a3b9bf56a91d16901293e51ba5b49a27e",
        "type": "github"
      },
      "original": {
        "owner": "nix-systems",
        "repo": "default",
        "type": "github"
      }
    }
  },
  "root": "root",
  "version": 7
}
