{
  "nodes": {
    "base16-nix": {
      "flake": false,
      "locked": {
        "lastModified": 1586511476,
        "narHash": "sha256-0HT/0EAyDY0A/88irXkHK+xKotlIwUOrWBTF0O5Oxfk=",
        "owner": "atpotts",
        "repo": "base16-nix",
        "rev": "4f192afaa0852fefb4ce3bde87392a0b28d6ddc8",
        "type": "github"
      },
      "original": {
        "owner": "atpotts",
        "repo": "base16-nix",
        "type": "github"
      }
    },
    "deploy-rs": {
      "inputs": {
        "flake-compat": "flake-compat",
        "nixpkgs": [
          "nixpkgs"
        ],
        "utils": "utils"
      },
      "locked": {
        "lastModified": 1632758936,
        "narHash": "sha256-7ArwHE6uAGZzgdV3GRb1eYyIKLA5JuyPZRnA+7UqV4Y=",
        "owner": "serokell",
        "repo": "deploy-rs",
        "rev": "ea5f2ab58145b2c143f27cbcd64cc2ba4300950c",
        "type": "github"
      },
      "original": {
        "owner": "serokell",
        "repo": "deploy-rs",
        "type": "github"
      }
    },
    "flake-compat": {
      "flake": false,
      "locked": {
        "lastModified": 1627913399,
        "narHash": "sha256-hY8g6H2KFL8ownSiFeMOjwPC8P0ueXpCVEbxgda3pko=",
        "owner": "edolstra",
        "repo": "flake-compat",
        "rev": "12c64ca55c1014cdc1b16ed5a804aa8576601ff2",
        "type": "github"
      },
      "original": {
        "owner": "edolstra",
        "repo": "flake-compat",
        "type": "github"
      }
    },
    "flake-utils": {
      "locked": {
        "lastModified": 1631561581,
        "narHash": "sha256-3VQMV5zvxaVLvqqUrNz3iJelLw30mIVSfZmAaauM3dA=",
        "owner": "numtide",
        "repo": "flake-utils",
        "rev": "7e5bf3925f6fbdfaf50a2a7ca0be2879c4261d19",
        "type": "github"
      },
      "original": {
        "owner": "numtide",
        "repo": "flake-utils",
        "type": "github"
      }
    },
    "home-manager": {
      "inputs": {
        "nixpkgs": [
          "nixpkgs"
        ]
      },
      "locked": {
        "lastModified": 1629363945,
        "narHash": "sha256-beP1Ks4UsNd7mLJExxNAicpiR1TYorxNCbblBVxW/VI=",
        "owner": "dguibert",
        "repo": "home-manager",
        "rev": "708e62e397388e0b8120e7903f52ca5c6b59863a",
        "type": "github"
      },
      "original": {
        "owner": "dguibert",
        "ref": "pu",
        "repo": "home-manager",
        "type": "github"
      }
    },
    "lowdown-src": {
      "flake": false,
      "locked": {
        "lastModified": 1628247802,
        "narHash": "sha256-4XSXGYvKqogR7bubyqYNwBHYCtrIn6XRGXj6+u+BXNs=",
        "owner": "kristapsdz",
        "repo": "lowdown",
        "rev": "b4483d0ef85990f54b864158ab786b4a5b3904fa",
        "type": "github"
      },
      "original": {
        "owner": "kristapsdz",
        "ref": "VERSION_0_8_6",
        "repo": "lowdown",
        "type": "github"
      }
    },
    "nix": {
      "inputs": {
        "lowdown-src": "lowdown-src",
        "nixpkgs": [
          "nixpkgs"
        ]
      },
      "locked": {
        "lastModified": 1631806499,
        "narHash": "sha256-/faHKjj2p9lWVFUYK6A88LhQA2BV4guWIAOJoQRGaQ4=",
        "owner": "dguibert",
        "repo": "nix",
        "rev": "a828ef7ec896e4318d62d2bb5fd391e1aabf242e",
        "type": "github"
      },
      "original": {
        "owner": "dguibert",
        "ref": "pu",
        "repo": "nix",
        "type": "github"
      }
    },
    "nixpkgs": {
      "locked": {
        "lastModified": 1632819960,
        "narHash": "sha256-YqSYeMl12EOomkPwCZfz6lPhMYbeiZWGX2pIVOEdhUQ=",
        "owner": "dguibert",
        "repo": "nixpkgs",
        "rev": "e226c3917a81cca07986baadb76eac6de8b6e840",
        "type": "github"
      },
      "original": {
        "owner": "dguibert",
        "ref": "pu-cluster",
        "repo": "nixpkgs",
        "type": "github"
      }
    },
    "root": {
      "inputs": {
        "base16-nix": "base16-nix",
        "deploy-rs": "deploy-rs",
        "flake-utils": "flake-utils",
        "home-manager": "home-manager",
        "nix": "nix",
        "nixpkgs": "nixpkgs"
      }
    },
    "utils": {
      "locked": {
        "lastModified": 1631561581,
        "narHash": "sha256-3VQMV5zvxaVLvqqUrNz3iJelLw30mIVSfZmAaauM3dA=",
        "owner": "numtide",
        "repo": "flake-utils",
        "rev": "7e5bf3925f6fbdfaf50a2a7ca0be2879c4261d19",
        "type": "github"
      },
      "original": {
        "owner": "numtide",
        "repo": "flake-utils",
        "type": "github"
      }
    }
  },
  "root": "root",
  "version": 7
}
