{
  "nodes": {
    "base16-nix": {
      "flake": false,
      "locked": {
        "lastModified": 1586511476,
        "narHash": "sha256-0HT/0EAyDY0A/88irXkHK+xKotlIwUOrWBTF0O5Oxfk=",
        "owner": "atpotts",
        "repo": "base16-nix",
        "rev": "4f192afaa0852fefb4ce3bde87392a0b28d6ddc8",
        "type": "github"
      },
      "original": {
        "owner": "atpotts",
        "repo": "base16-nix",
        "type": "github"
      }
    },
    "deploy-rs": {
      "inputs": {
        "flake-compat": "flake-compat",
        "nixpkgs": [
          "nixpkgs"
        ],
        "utils": "utils"
      },
      "locked": {
        "lastModified": 1632822684,
        "narHash": "sha256-lt7eayYmgsD5OQwpb1XYfHpxttn43bWo7G7hIJs+zJw=",
        "owner": "serokell",
        "repo": "deploy-rs",
        "rev": "9a02de4373e0ec272d08a417b269a28ac8b961b4",
        "type": "github"
      },
      "original": {
        "owner": "serokell",
        "repo": "deploy-rs",
        "type": "github"
      }
    },
    "flake-compat": {
      "flake": false,
      "locked": {
        "lastModified": 1627913399,
        "narHash": "sha256-hY8g6H2KFL8ownSiFeMOjwPC8P0ueXpCVEbxgda3pko=",
        "owner": "edolstra",
        "repo": "flake-compat",
        "rev": "12c64ca55c1014cdc1b16ed5a804aa8576601ff2",
        "type": "github"
      },
      "original": {
        "owner": "edolstra",
        "repo": "flake-compat",
        "type": "github"
      }
    },
    "flake-utils": {
      "locked": {
        "lastModified": 1631561581,
        "narHash": "sha256-3VQMV5zvxaVLvqqUrNz3iJelLw30mIVSfZmAaauM3dA=",
        "owner": "numtide",
        "repo": "flake-utils",
        "rev": "7e5bf3925f6fbdfaf50a2a7ca0be2879c4261d19",
        "type": "github"
      },
      "original": {
        "owner": "numtide",
        "repo": "flake-utils",
        "type": "github"
      }
    },
    "flake-utils_2": {
      "locked": {
        "lastModified": 1605370193,
        "narHash": "sha256-YyMTf3URDL/otKdKgtoMChu4vfVL3vCMkRqpGifhUn0=",
        "owner": "numtide",
        "repo": "flake-utils",
        "rev": "5021eac20303a61fafe17224c087f5519baed54d",
        "type": "github"
      },
      "original": {
        "owner": "numtide",
        "repo": "flake-utils",
        "type": "github"
      }
    },
    "home-manager": {
      "inputs": {
        "nixpkgs": [
          "nixpkgs"
        ]
      },
      "locked": {
        "lastModified": 1629363945,
        "narHash": "sha256-beP1Ks4UsNd7mLJExxNAicpiR1TYorxNCbblBVxW/VI=",
        "owner": "dguibert",
        "repo": "home-manager",
        "rev": "708e62e397388e0b8120e7903f52ca5c6b59863a",
        "type": "github"
      },
      "original": {
        "owner": "dguibert",
        "ref": "pu",
        "repo": "home-manager",
        "type": "github"
      }
    },
    "lowdown-src": {
      "flake": false,
      "locked": {
        "lastModified": 1628247802,
        "narHash": "sha256-4XSXGYvKqogR7bubyqYNwBHYCtrIn6XRGXj6+u+BXNs=",
        "owner": "kristapsdz",
        "repo": "lowdown",
        "rev": "b4483d0ef85990f54b864158ab786b4a5b3904fa",
        "type": "github"
      },
      "original": {
        "owner": "kristapsdz",
        "ref": "VERSION_0_8_6",
        "repo": "lowdown",
        "type": "github"
      }
    },
    "nix": {
      "inputs": {
        "lowdown-src": "lowdown-src",
        "nixpkgs": [
          "nixpkgs"
        ]
      },
      "locked": {
        "lastModified": 1631806499,
        "narHash": "sha256-/faHKjj2p9lWVFUYK6A88LhQA2BV4guWIAOJoQRGaQ4=",
        "owner": "dguibert",
        "repo": "nix",
        "rev": "a828ef7ec896e4318d62d2bb5fd391e1aabf242e",
        "type": "github"
      },
      "original": {
        "owner": "dguibert",
        "ref": "pu",
        "repo": "nix",
        "type": "github"
      }
    },
    "nixpkgs": {
      "locked": {
        "lastModified": 1632906439,
        "narHash": "sha256-yKhQobJdcdItK2U7CsXaThXuzjAIEAj8Gd0DfQeHsyU=",
        "owner": "dguibert",
        "repo": "nixpkgs",
        "rev": "e6f43d8e1e60875d7cb74b457dcd639d941b6aa3",
        "type": "github"
      },
      "original": {
        "owner": "dguibert",
        "ref": "pu-cluster",
        "repo": "nixpkgs",
        "type": "github"
      }
    },
    "nixpkgs_2": {
      "locked": {
        "lastModified": 1605722341,
        "narHash": "sha256-t7fjQAq0fjjJXz4ouiqXb5ieZcZ47XTZY4hWI6XmPfY=",
        "owner": "NixOS",
        "repo": "nixpkgs",
        "rev": "377c7b160b54e15c2723ec892414d95bc8bb7c7b",
        "type": "github"
      },
      "original": {
        "id": "nixpkgs",
        "type": "indirect"
      }
    },
    "nxsession": {
      "inputs": {
        "flake-utils": "flake-utils_2",
        "nixpkgs": "nixpkgs_2"
      },
      "locked": {
        "lastModified": 1606742671,
        "narHash": "sha256-n4OeCfA6AgocFDj7nJagShihBuDYj7Ljx8C5meLEj1Q=",
        "owner": "dguibert",
        "repo": "nxsession",
        "rev": "f41152646473d78a3b47636806fb3de1218da327",
        "type": "github"
      },
      "original": {
        "owner": "dguibert",
        "repo": "nxsession",
        "type": "github"
      }
    },
    "root": {
      "inputs": {
        "base16-nix": "base16-nix",
        "deploy-rs": "deploy-rs",
        "flake-utils": "flake-utils",
        "home-manager": "home-manager",
        "nix": "nix",
        "nixpkgs": "nixpkgs",
        "nxsession": "nxsession"
      }
    },
    "utils": {
      "locked": {
        "lastModified": 1631561581,
        "narHash": "sha256-3VQMV5zvxaVLvqqUrNz3iJelLw30mIVSfZmAaauM3dA=",
        "owner": "numtide",
        "repo": "flake-utils",
        "rev": "7e5bf3925f6fbdfaf50a2a7ca0be2879c4261d19",
        "type": "github"
      },
      "original": {
        "owner": "numtide",
        "repo": "flake-utils",
        "type": "github"
      }
    }
  },
  "root": "root",
  "version": 7
}
