{
  "nodes": {
    "dwl-src": {
      "flake": false,
      "locked": {
        "lastModified": 1672646419,
        "narHash": "sha256-Qp0ltJMCSXmslJ1FsLqnKIaRka9aQROYMyFWetvtj60=",
        "owner": "dguibert",
        "repo": "dwl",
        "rev": "936d6ac4d0556833ddb3656b2d81e0d98789f7a4",
        "type": "github"
      },
      "original": {
        "owner": "dguibert",
        "ref": "pu",
        "repo": "dwl",
        "type": "github"
      }
    },
    "dwl-src_2": {
      "flake": false,
      "locked": {
        "lastModified": 1672646419,
        "narHash": "sha256-Qp0ltJMCSXmslJ1FsLqnKIaRka9aQROYMyFWetvtj60=",
        "owner": "dguibert",
        "repo": "dwl",
        "rev": "936d6ac4d0556833ddb3656b2d81e0d98789f7a4",
        "type": "github"
      },
      "original": {
        "owner": "dguibert",
        "ref": "pu",
        "repo": "dwl",
        "type": "github"
      }
    },
    "dwm-src": {
      "flake": false,
      "locked": {
        "lastModified": 1649608053,
        "narHash": "sha256-+v2wof46XG/n85zVY82GIuKgzr0K9s1apPfaDSyuqos=",
        "owner": "dguibert",
        "repo": "dwm",
        "rev": "306e1790145849abd30ef6c81051755a6813ff30",
        "type": "github"
      },
      "original": {
        "owner": "dguibert",
        "ref": "pu",
        "repo": "dwm",
        "type": "github"
      }
    },
    "dwm-src_2": {
      "flake": false,
      "locked": {
        "lastModified": 1649608053,
        "narHash": "sha256-+v2wof46XG/n85zVY82GIuKgzr0K9s1apPfaDSyuqos=",
        "owner": "dguibert",
        "repo": "dwm",
        "rev": "306e1790145849abd30ef6c81051755a6813ff30",
        "type": "github"
      },
      "original": {
        "owner": "dguibert",
        "ref": "pu",
        "repo": "dwm",
        "type": "github"
      }
    },
    "flake-utils": {
      "locked": {
        "lastModified": 1667395993,
        "narHash": "sha256-nuEHfE/LcWyuSWnS8t12N1wc105Qtau+/OdUAjtQ0rA=",
        "owner": "numtide",
        "repo": "flake-utils",
        "rev": "5aed5285a952e0b949eb3ba02c12fa4fcfef535f",
        "type": "github"
      },
      "original": {
        "owner": "numtide",
        "repo": "flake-utils",
        "type": "github"
      }
    },
    "flake-utils_2": {
      "locked": {
        "lastModified": 1667395993,
        "narHash": "sha256-nuEHfE/LcWyuSWnS8t12N1wc105Qtau+/OdUAjtQ0rA=",
        "owner": "numtide",
        "repo": "flake-utils",
        "rev": "5aed5285a952e0b949eb3ba02c12fa4fcfef535f",
        "type": "github"
      },
      "original": {
        "owner": "numtide",
        "repo": "flake-utils",
        "type": "github"
      }
    },
    "flake-utils_3": {
      "locked": {
        "lastModified": 1667395993,
        "narHash": "sha256-nuEHfE/LcWyuSWnS8t12N1wc105Qtau+/OdUAjtQ0rA=",
        "owner": "numtide",
        "repo": "flake-utils",
        "rev": "5aed5285a952e0b949eb3ba02c12fa4fcfef535f",
        "type": "github"
      },
      "original": {
        "owner": "numtide",
        "repo": "flake-utils",
        "type": "github"
      }
    },
    "flake-utils_4": {
      "locked": {
        "lastModified": 1667395993,
        "narHash": "sha256-nuEHfE/LcWyuSWnS8t12N1wc105Qtau+/OdUAjtQ0rA=",
        "owner": "numtide",
        "repo": "flake-utils",
        "rev": "5aed5285a952e0b949eb3ba02c12fa4fcfef535f",
        "type": "github"
      },
      "original": {
        "owner": "numtide",
        "repo": "flake-utils",
        "type": "github"
      }
    },
    "lowdown-src": {
      "flake": false,
      "locked": {
        "lastModified": 1633514407,
        "narHash": "sha256-Dw32tiMjdK9t3ETl5fzGrutQTzh2rufgZV4A/BbxuD4=",
        "owner": "kristapsdz",
        "repo": "lowdown",
        "rev": "d2c2b44ff6c27b936ec27358a2653caaef8f73b8",
        "type": "github"
      },
      "original": {
        "owner": "kristapsdz",
        "repo": "lowdown",
        "type": "github"
      }
    },
    "lowdown-src_2": {
      "flake": false,
      "locked": {
        "lastModified": 1633514407,
        "narHash": "sha256-Dw32tiMjdK9t3ETl5fzGrutQTzh2rufgZV4A/BbxuD4=",
        "owner": "kristapsdz",
        "repo": "lowdown",
        "rev": "d2c2b44ff6c27b936ec27358a2653caaef8f73b8",
        "type": "github"
      },
      "original": {
        "owner": "kristapsdz",
        "repo": "lowdown",
        "type": "github"
      }
    },
    "lowdown-src_3": {
      "flake": false,
      "locked": {
        "lastModified": 1633514407,
        "narHash": "sha256-Dw32tiMjdK9t3ETl5fzGrutQTzh2rufgZV4A/BbxuD4=",
        "owner": "kristapsdz",
        "repo": "lowdown",
        "rev": "d2c2b44ff6c27b936ec27358a2653caaef8f73b8",
        "type": "github"
      },
      "original": {
        "owner": "kristapsdz",
        "repo": "lowdown",
        "type": "github"
      }
    },
    "lowdown-src_4": {
      "flake": false,
      "locked": {
        "lastModified": 1633514407,
        "narHash": "sha256-Dw32tiMjdK9t3ETl5fzGrutQTzh2rufgZV4A/BbxuD4=",
        "owner": "kristapsdz",
        "repo": "lowdown",
        "rev": "d2c2b44ff6c27b936ec27358a2653caaef8f73b8",
        "type": "github"
      },
      "original": {
        "owner": "kristapsdz",
        "repo": "lowdown",
        "type": "github"
      }
    },
    "mako-src": {
      "flake": false,
      "locked": {
        "lastModified": 1666359044,
        "narHash": "sha256-YRCS+6or/Z6KJ0wRfZDkvwbjAH2FwL5muQfVoFtq/lI=",
        "owner": "emersion",
        "repo": "mako",
        "rev": "5eca7d58bf9eb658ece1b32da586627118f00642",
        "type": "github"
      },
      "original": {
        "owner": "emersion",
        "ref": "master",
        "repo": "mako",
        "type": "github"
      }
    },
    "mako-src_2": {
      "flake": false,
      "locked": {
        "lastModified": 1666359044,
        "narHash": "sha256-YRCS+6or/Z6KJ0wRfZDkvwbjAH2FwL5muQfVoFtq/lI=",
        "owner": "emersion",
        "repo": "mako",
        "rev": "5eca7d58bf9eb658ece1b32da586627118f00642",
        "type": "github"
      },
      "original": {
        "owner": "emersion",
        "ref": "master",
        "repo": "mako",
        "type": "github"
      }
    },
    "nix": {
      "inputs": {
        "lowdown-src": "lowdown-src",
        "nixpkgs": [
          "upstream",
          "nixpkgs"
        ],
        "nixpkgs-regression": "nixpkgs-regression"
      },
      "locked": {
        "lastModified": 1671696784,
        "narHash": "sha256-nZ8foWVEOEGbihQSx0qKy/h7sKx1kEPNTqjJkzDzISY=",
        "owner": "dguibert",
        "repo": "nix",
        "rev": "f582a4354d48d499fdfc52607c7b6b7260adbac4",
        "type": "github"
      },
      "original": {
        "owner": "dguibert",
        "ref": "pu",
        "repo": "nix",
        "type": "github"
      }
    },
    "nix_2": {
      "inputs": {
        "lowdown-src": "lowdown-src_2",
        "nixpkgs": [
          "upstream",
          "nixpkgs-default",
          "upstream",
          "nixpkgs"
        ],
        "nixpkgs-regression": "nixpkgs-regression_2"
      },
      "locked": {
        "lastModified": 1671696784,
        "narHash": "sha256-nZ8foWVEOEGbihQSx0qKy/h7sKx1kEPNTqjJkzDzISY=",
        "owner": "dguibert",
        "repo": "nix",
        "rev": "f582a4354d48d499fdfc52607c7b6b7260adbac4",
        "type": "github"
      },
      "original": {
        "owner": "dguibert",
        "ref": "pu",
        "repo": "nix",
        "type": "github"
      }
    },
    "nix_3": {
      "inputs": {
        "lowdown-src": "lowdown-src_3",
        "nixpkgs": [
          "upstream",
          "nixpkgs-default",
          "upstream",
          "nixpkgs-default",
          "upstream",
          "nixpkgs"
        ],
        "nixpkgs-regression": "nixpkgs-regression_3"
      },
      "locked": {
        "lastModified": 1671696784,
        "narHash": "sha256-nZ8foWVEOEGbihQSx0qKy/h7sKx1kEPNTqjJkzDzISY=",
        "owner": "dguibert",
        "repo": "nix",
        "rev": "f582a4354d48d499fdfc52607c7b6b7260adbac4",
        "type": "github"
      },
      "original": {
        "owner": "dguibert",
        "ref": "pu",
        "repo": "nix",
        "type": "github"
      }
    },
    "nix_4": {
      "inputs": {
        "lowdown-src": "lowdown-src_4",
        "nixpkgs": [
          "upstream",
          "nixpkgs-default",
          "upstream",
          "nixpkgs-default",
          "upstream",
          "nixpkgs-default",
          "upstream",
          "nixpkgs"
        ],
        "nixpkgs-regression": "nixpkgs-regression_4"
      },
      "locked": {
        "lastModified": 1668422642,
        "narHash": "sha256-CpXhHs0szsA2IL6K46l8Zvwivyxsceru4GNDYfVKzaE=",
        "owner": "dguibert",
        "repo": "nix",
        "rev": "ef633be6453f2ba4fb4fd35f9a6d9aeec8ffa071",
        "type": "github"
      },
      "original": {
        "owner": "dguibert",
        "ref": "pu",
        "repo": "nix",
        "type": "github"
      }
    },
    "nixpkgs": {
      "locked": {
        "lastModified": 1673975150,
        "narHash": "sha256-8CZQEthYBiwvLxhUJwwos88fOeu+3UGmXmqw8ZVol1A=",
        "owner": "dguibert",
        "repo": "nixpkgs",
        "rev": "712d5959ffb159b35560174b27347059bbeaaa4d",
        "type": "github"
      },
      "original": {
        "owner": "dguibert",
        "ref": "pu",
        "repo": "nixpkgs",
        "type": "github"
      }
    },
    "nixpkgs-default": {
      "inputs": {
        "flake-utils": [
          "upstream",
          "nixpkgs-default",
          "upstream",
          "flake-utils"
        ],
        "nix": [
          "upstream",
          "nixpkgs-default",
          "upstream",
          "nix"
        ],
        "nixpkgs": [
          "upstream",
          "nixpkgs-default",
          "upstream",
          "nixpkgs"
        ],
        "upstream": "upstream_2"
      },
      "locked": {
        "lastModified": 1,
        "narHash": "sha256-jevQ7EJ1wBdjvFbTFM/TvRoapYMzTW1BSXIdR/l29QU=",
        "path": "nixpkgs/default",
        "type": "path"
      },
      "original": {
        "path": "nixpkgs/default",
        "type": "path"
      }
    },
    "nixpkgs-default_2": {
      "inputs": {
        "flake-utils": [
          "upstream",
          "nixpkgs-default",
          "upstream",
          "nixpkgs-default",
          "upstream",
          "flake-utils"
        ],
        "nix": [
          "upstream",
          "nixpkgs-default",
          "upstream",
          "nixpkgs-default",
          "upstream",
          "nix"
        ],
        "nixpkgs": [
          "upstream",
          "nixpkgs-default",
          "upstream",
          "nixpkgs-default",
          "upstream",
          "nixpkgs"
        ],
        "upstream": "upstream_3"
      },
      "locked": {
        "lastModified": 1,
        "narHash": "sha256-UU8KPk+HjQ/kkxANfwG6v6Qah1NSSiDXmx1T8Bpq+V0=",
        "path": "nixpkgs/default",
        "type": "path"
      },
      "original": {
        "path": "nixpkgs/default",
        "type": "path"
      }
    },
    "nixpkgs-default_3": {
      "inputs": {
        "flake-utils": [
          "upstream",
          "nixpkgs-default",
          "upstream",
          "nixpkgs-default",
          "upstream",
          "nixpkgs-default",
          "upstream",
          "flake-utils"
        ],
        "nix": [
          "upstream",
          "nixpkgs-default",
          "upstream",
          "nixpkgs-default",
          "upstream",
          "nixpkgs-default",
          "upstream",
          "nix"
        ],
        "nixpkgs": [
          "upstream",
          "nixpkgs-default",
          "upstream",
          "nixpkgs-default",
          "upstream",
          "nixpkgs-default",
          "upstream",
          "nixpkgs"
        ],
        "upstream": "upstream_4"
      },
      "locked": {
        "lastModified": 1,
        "narHash": "sha256-+7lFJd/pihMk5JRDCoha5jNI+fB0HkaH5rme44FzBeM=",
        "path": "nixpkgs/default",
        "type": "path"
      },
      "original": {
        "path": "nixpkgs/default",
        "type": "path"
      }
    },
    "nixpkgs-regression": {
      "locked": {
        "lastModified": 1643052045,
        "narHash": "sha256-uGJ0VXIhWKGXxkeNnq4TvV3CIOkUJ3PAoLZ3HMzNVMw=",
        "owner": "NixOS",
        "repo": "nixpkgs",
        "rev": "215d4d0fd80ca5163643b03a33fde804a29cc1e2",
        "type": "github"
      },
      "original": {
        "owner": "NixOS",
        "repo": "nixpkgs",
        "rev": "215d4d0fd80ca5163643b03a33fde804a29cc1e2",
        "type": "github"
      }
    },
    "nixpkgs-regression_2": {
      "locked": {
        "lastModified": 1643052045,
        "narHash": "sha256-uGJ0VXIhWKGXxkeNnq4TvV3CIOkUJ3PAoLZ3HMzNVMw=",
        "owner": "NixOS",
        "repo": "nixpkgs",
        "rev": "215d4d0fd80ca5163643b03a33fde804a29cc1e2",
        "type": "github"
      },
      "original": {
        "owner": "NixOS",
        "repo": "nixpkgs",
        "rev": "215d4d0fd80ca5163643b03a33fde804a29cc1e2",
        "type": "github"
      }
    },
    "nixpkgs-regression_3": {
      "locked": {
        "lastModified": 1643052045,
        "narHash": "sha256-uGJ0VXIhWKGXxkeNnq4TvV3CIOkUJ3PAoLZ3HMzNVMw=",
        "owner": "NixOS",
        "repo": "nixpkgs",
        "rev": "215d4d0fd80ca5163643b03a33fde804a29cc1e2",
        "type": "github"
      },
      "original": {
        "owner": "NixOS",
        "repo": "nixpkgs",
        "rev": "215d4d0fd80ca5163643b03a33fde804a29cc1e2",
        "type": "github"
      }
    },
    "nixpkgs-regression_4": {
      "locked": {
        "lastModified": 1643052045,
        "narHash": "sha256-uGJ0VXIhWKGXxkeNnq4TvV3CIOkUJ3PAoLZ3HMzNVMw=",
        "owner": "NixOS",
        "repo": "nixpkgs",
        "rev": "215d4d0fd80ca5163643b03a33fde804a29cc1e2",
        "type": "github"
      },
      "original": {
        "owner": "NixOS",
        "repo": "nixpkgs",
        "rev": "215d4d0fd80ca5163643b03a33fde804a29cc1e2",
        "type": "github"
      }
    },
    "nixpkgs_2": {
      "locked": {
        "lastModified": 1673975150,
        "narHash": "sha256-8CZQEthYBiwvLxhUJwwos88fOeu+3UGmXmqw8ZVol1A=",
        "owner": "dguibert",
        "repo": "nixpkgs",
        "rev": "712d5959ffb159b35560174b27347059bbeaaa4d",
        "type": "github"
      },
      "original": {
        "owner": "dguibert",
        "ref": "pu",
        "repo": "nixpkgs",
        "type": "github"
      }
    },
    "nixpkgs_3": {
      "locked": {
        "lastModified": 1673339194,
        "narHash": "sha256-R5h6dAWLip+1l7iZQSfPbYgopdKi5FiAKWS11aZYsUo=",
        "owner": "dguibert",
        "repo": "nixpkgs",
        "rev": "2c3bdc1240f45d9fe8c7c76c28272f20debce944",
        "type": "github"
      },
      "original": {
        "owner": "dguibert",
        "ref": "pu",
        "repo": "nixpkgs",
        "type": "github"
      }
    },
    "nixpkgs_4": {
      "locked": {
        "lastModified": 1669730914,
        "narHash": "sha256-RIYz7ygMwf8So85Ef/kD92URW5DmXKV4LsU1sFR5pIA=",
        "owner": "dguibert",
        "repo": "nixpkgs",
        "rev": "1bbccdb537be9265d8867108b97e70ce11c7d8c8",
        "type": "github"
      },
      "original": {
        "owner": "dguibert",
        "ref": "pu",
        "repo": "nixpkgs",
        "type": "github"
      }
    },
    "root": {
      "inputs": {
        "flake-utils": [
          "upstream",
          "flake-utils"
        ],
        "nix": [
          "upstream",
          "nix"
        ],
        "nixpkgs": [
          "upstream",
          "nixpkgs"
        ],
        "upstream": "upstream"
      }
    },
    "st-src": {
      "flake": false,
      "locked": {
        "lastModified": 1619005886,
        "narHash": "sha256-PGD1oVKzaFARUJnn+IhgcDwqx8xuvnouLhUjaGwsMto=",
        "owner": "dguibert",
        "repo": "st",
        "rev": "d7faa1e059e1cdb7ba0d2383c1f0fc81d6d00e15",
        "type": "github"
      },
      "original": {
        "owner": "dguibert",
        "ref": "pu",
        "repo": "st",
        "type": "github"
      }
    },
    "st-src_2": {
      "flake": false,
      "locked": {
        "lastModified": 1619005886,
        "narHash": "sha256-PGD1oVKzaFARUJnn+IhgcDwqx8xuvnouLhUjaGwsMto=",
        "owner": "dguibert",
        "repo": "st",
        "rev": "d7faa1e059e1cdb7ba0d2383c1f0fc81d6d00e15",
        "type": "github"
      },
      "original": {
        "owner": "dguibert",
        "ref": "pu",
        "repo": "st",
        "type": "github"
      }
    },
    "upstream": {
      "inputs": {
        "dwl-src": "dwl-src",
        "dwm-src": "dwm-src",
        "flake-utils": "flake-utils",
        "mako-src": "mako-src",
        "nix": "nix",
        "nixpkgs": "nixpkgs",
        "nixpkgs-default": "nixpkgs-default",
        "st-src": "st-src_2"
      },
      "locked": {
        "lastModified": 0,
        "narHash": "sha256-BaVnYnXvWmgFydg0i9IBuHtcygR7R6InkS3YZqyg65M=",
        "path": "../..",
        "type": "path"
      },
      "original": {
        "path": "../..",
        "type": "path"
      }
    },
    "upstream_2": {
      "inputs": {
        "dwl-src": "dwl-src_2",
        "dwm-src": "dwm-src_2",
        "flake-utils": "flake-utils_2",
        "mako-src": "mako-src_2",
        "nix": "nix_2",
        "nixpkgs": "nixpkgs_2",
        "nixpkgs-default": "nixpkgs-default_2",
        "st-src": "st-src"
      },
      "locked": {
        "lastModified": 0,
        "narHash": "sha256-x4EHEKEYvEgEdS2KTCr/W7Sc2j4i/R/HB1nQHRDO0iY=",
        "path": "../..",
        "type": "path"
      },
      "original": {
        "path": "../..",
        "type": "path"
      }
    },
    "upstream_3": {
      "inputs": {
        "flake-utils": "flake-utils_3",
        "nix": "nix_3",
        "nixpkgs": "nixpkgs_3",
        "nixpkgs-default": "nixpkgs-default_3"
      },
      "locked": {
        "lastModified": 0,
        "narHash": "sha256-gFnl0E3CFtd9J5sQiGr5ADSj4QUU7TxSxKVnlPBdK7E=",
        "path": "../..",
        "type": "path"
      },
      "original": {
        "path": "../..",
        "type": "path"
      }
    },
    "upstream_4": {
      "inputs": {
        "flake-utils": "flake-utils_4",
        "nix": "nix_4",
        "nixpkgs": "nixpkgs_4"
      },
      "locked": {
        "lastModified": 0,
        "narHash": "sha256-WgIBce4zoFlgetQtifeKO1wXpndoyx4lEr8lS+LJBBM=",
        "path": "../..",
        "type": "path"
      },
      "original": {
        "path": "../..",
        "type": "path"
      }
    }
  },
  "root": "root",
  "version": 7
}
