{
  "nodes": {
    "flake-utils": {
      "locked": {
        "lastModified": 1667395993,
        "narHash": "sha256-nuEHfE/LcWyuSWnS8t12N1wc105Qtau+/OdUAjtQ0rA=",
        "owner": "numtide",
        "repo": "flake-utils",
        "rev": "5aed5285a952e0b949eb3ba02c12fa4fcfef535f",
        "type": "github"
      },
      "original": {
        "owner": "numtide",
        "repo": "flake-utils",
        "type": "github"
      }
    },
    "flake-utils_2": {
      "locked": {
        "lastModified": 1667395993,
        "narHash": "sha256-nuEHfE/LcWyuSWnS8t12N1wc105Qtau+/OdUAjtQ0rA=",
        "owner": "numtide",
        "repo": "flake-utils",
        "rev": "5aed5285a952e0b949eb3ba02c12fa4fcfef535f",
        "type": "github"
      },
      "original": {
        "owner": "numtide",
        "repo": "flake-utils",
        "type": "github"
      }
    },
    "lowdown-src": {
      "flake": false,
      "locked": {
        "lastModified": 1633514407,
        "narHash": "sha256-Dw32tiMjdK9t3ETl5fzGrutQTzh2rufgZV4A/BbxuD4=",
        "owner": "kristapsdz",
        "repo": "lowdown",
        "rev": "d2c2b44ff6c27b936ec27358a2653caaef8f73b8",
        "type": "github"
      },
      "original": {
        "owner": "kristapsdz",
        "repo": "lowdown",
        "type": "github"
      }
    },
    "lowdown-src_2": {
      "flake": false,
      "locked": {
        "lastModified": 1633514407,
        "narHash": "sha256-Dw32tiMjdK9t3ETl5fzGrutQTzh2rufgZV4A/BbxuD4=",
        "owner": "kristapsdz",
        "repo": "lowdown",
        "rev": "d2c2b44ff6c27b936ec27358a2653caaef8f73b8",
        "type": "github"
      },
      "original": {
        "owner": "kristapsdz",
        "repo": "lowdown",
        "type": "github"
      }
    },
    "nix": {
      "inputs": {
        "lowdown-src": "lowdown-src",
        "nixpkgs": [
          "upstream",
          "nixpkgs"
        ],
        "nixpkgs-regression": "nixpkgs-regression"
      },
      "locked": {
        "lastModified": 1671696784,
        "narHash": "sha256-nZ8foWVEOEGbihQSx0qKy/h7sKx1kEPNTqjJkzDzISY=",
        "owner": "dguibert",
        "repo": "nix",
        "rev": "f582a4354d48d499fdfc52607c7b6b7260adbac4",
        "type": "github"
      },
      "original": {
        "owner": "dguibert",
        "ref": "pu",
        "repo": "nix",
        "type": "github"
      }
    },
    "nix_2": {
      "inputs": {
        "lowdown-src": "lowdown-src_2",
        "nixpkgs": [
          "upstream",
          "nixpkgs-default",
          "upstream",
          "nixpkgs"
        ],
        "nixpkgs-regression": "nixpkgs-regression_2"
      },
      "locked": {
        "lastModified": 1668422642,
        "narHash": "sha256-CpXhHs0szsA2IL6K46l8Zvwivyxsceru4GNDYfVKzaE=",
        "owner": "dguibert",
        "repo": "nix",
        "rev": "ef633be6453f2ba4fb4fd35f9a6d9aeec8ffa071",
        "type": "github"
      },
      "original": {
        "owner": "dguibert",
        "ref": "pu",
        "repo": "nix",
        "type": "github"
      }
    },
    "nixpkgs": {
      "locked": {
        "lastModified": 1673339194,
        "narHash": "sha256-R5h6dAWLip+1l7iZQSfPbYgopdKi5FiAKWS11aZYsUo=",
        "owner": "dguibert",
        "repo": "nixpkgs",
        "rev": "2c3bdc1240f45d9fe8c7c76c28272f20debce944",
        "type": "github"
      },
      "original": {
        "owner": "dguibert",
        "ref": "pu",
        "repo": "nixpkgs",
        "type": "github"
      }
    },
    "nixpkgs-default": {
      "inputs": {
        "flake-utils": [
          "upstream",
          "nixpkgs-default",
          "upstream",
          "flake-utils"
        ],
        "nix": [
          "upstream",
          "nixpkgs-default",
          "upstream",
          "nix"
        ],
        "nixpkgs": [
          "upstream",
          "nixpkgs-default",
          "upstream",
          "nixpkgs"
        ],
        "upstream": "upstream_2"
      },
      "locked": {
        "lastModified": 1,
        "narHash": "sha256-+7lFJd/pihMk5JRDCoha5jNI+fB0HkaH5rme44FzBeM=",
        "path": "nixpkgs/default",
        "type": "path"
      },
      "original": {
        "path": "nixpkgs/default",
        "type": "path"
      }
    },
    "nixpkgs-regression": {
      "locked": {
        "lastModified": 1643052045,
        "narHash": "sha256-uGJ0VXIhWKGXxkeNnq4TvV3CIOkUJ3PAoLZ3HMzNVMw=",
        "owner": "NixOS",
        "repo": "nixpkgs",
        "rev": "215d4d0fd80ca5163643b03a33fde804a29cc1e2",
        "type": "github"
      },
      "original": {
        "owner": "NixOS",
        "repo": "nixpkgs",
        "rev": "215d4d0fd80ca5163643b03a33fde804a29cc1e2",
        "type": "github"
      }
    },
    "nixpkgs-regression_2": {
      "locked": {
        "lastModified": 1643052045,
        "narHash": "sha256-uGJ0VXIhWKGXxkeNnq4TvV3CIOkUJ3PAoLZ3HMzNVMw=",
        "owner": "NixOS",
        "repo": "nixpkgs",
        "rev": "215d4d0fd80ca5163643b03a33fde804a29cc1e2",
        "type": "github"
      },
      "original": {
        "owner": "NixOS",
        "repo": "nixpkgs",
        "rev": "215d4d0fd80ca5163643b03a33fde804a29cc1e2",
        "type": "github"
      }
    },
    "nixpkgs_2": {
      "locked": {
        "lastModified": 1669730914,
        "narHash": "sha256-RIYz7ygMwf8So85Ef/kD92URW5DmXKV4LsU1sFR5pIA=",
        "owner": "dguibert",
        "repo": "nixpkgs",
        "rev": "1bbccdb537be9265d8867108b97e70ce11c7d8c8",
        "type": "github"
      },
      "original": {
        "owner": "dguibert",
        "ref": "pu",
        "repo": "nixpkgs",
        "type": "github"
      }
    },
    "root": {
      "inputs": {
        "flake-utils": [
          "upstream",
          "flake-utils"
        ],
        "nix": [
          "upstream",
          "nix"
        ],
        "nixpkgs": [
          "upstream",
          "nixpkgs"
        ],
        "upstream": "upstream"
      }
    },
    "upstream": {
      "inputs": {
        "flake-utils": "flake-utils",
        "nix": "nix",
        "nixpkgs": "nixpkgs",
        "nixpkgs-default": "nixpkgs-default"
      },
      "locked": {
        "lastModified": 0,
        "narHash": "sha256-wtGrbwH9R3uJMPWEuea47ofDmjsAnp4XcVOOX0mmwVU=",
        "path": "../..",
        "type": "path"
      },
      "original": {
        "path": "../..",
        "type": "path"
      }
    },
    "upstream_2": {
      "inputs": {
        "flake-utils": "flake-utils_2",
        "nix": "nix_2",
        "nixpkgs": "nixpkgs_2"
      },
      "locked": {
        "lastModified": 0,
        "narHash": "sha256-WgIBce4zoFlgetQtifeKO1wXpndoyx4lEr8lS+LJBBM=",
        "path": "../..",
        "type": "path"
      },
      "original": {
        "path": "../..",
        "type": "path"
      }
    }
  },
  "root": "root",
  "version": 7
}
