{
  "nodes": {
    "base16-nix": {
      "flake": false,
      "locked": {
        "lastModified": 1640016217,
        "narHash": "sha256-6qV4WfqgA/61xPDxUTnh9GD+mN/BoJfnyCranBbLT0M=",
        "owner": "dguibert",
        "repo": "base16-nix",
        "rev": "cd2a09114a6ff9cdfa47bd42430aa01f0838e524",
        "type": "github"
      },
      "original": {
        "owner": "dguibert",
        "repo": "base16-nix",
        "type": "github"
      }
    },
    "deploy-rs": {
      "inputs": {
        "flake-compat": "flake-compat",
        "nixpkgs": [
          "nixpkgs"
        ],
        "utils": "utils"
      },
      "locked": {
        "lastModified": 1638190488,
        "narHash": "sha256-C1lqGuyCvXVZ+XFEId6DcDPKRRpveOK6/k/v7mnmohg=",
        "owner": "dguibert",
        "repo": "deploy-rs",
        "rev": "d3e9a6981664db34df287c8efe346c89fe96e5a7",
        "type": "github"
      },
      "original": {
        "owner": "dguibert",
        "ref": "pu",
        "repo": "deploy-rs",
        "type": "github"
      }
    },
    "flake-compat": {
      "flake": false,
      "locked": {
        "lastModified": 1627913399,
        "narHash": "sha256-hY8g6H2KFL8ownSiFeMOjwPC8P0ueXpCVEbxgda3pko=",
        "owner": "edolstra",
        "repo": "flake-compat",
        "rev": "12c64ca55c1014cdc1b16ed5a804aa8576601ff2",
        "type": "github"
      },
      "original": {
        "owner": "edolstra",
        "repo": "flake-compat",
        "type": "github"
      }
    },
    "flake-utils": {
      "locked": {
        "lastModified": 1638122382,
        "narHash": "sha256-sQzZzAbvKEqN9s0bzWuYmRaA03v40gaJ4+iL1LXjaeI=",
        "owner": "numtide",
        "repo": "flake-utils",
        "rev": "74f7e4319258e287b0f9cb95426c9853b282730b",
        "type": "github"
      },
      "original": {
        "owner": "numtide",
        "repo": "flake-utils",
        "type": "github"
      }
    },
    "flake-utils_2": {
      "locked": {
        "lastModified": 1605370193,
        "narHash": "sha256-YyMTf3URDL/otKdKgtoMChu4vfVL3vCMkRqpGifhUn0=",
        "owner": "numtide",
        "repo": "flake-utils",
        "rev": "5021eac20303a61fafe17224c087f5519baed54d",
        "type": "github"
      },
      "original": {
        "owner": "numtide",
        "repo": "flake-utils",
        "type": "github"
      }
    },
    "home-manager": {
      "inputs": {
        "nixpkgs": [
          "nixpkgs"
        ]
      },
      "locked": {
        "lastModified": 1639134036,
        "narHash": "sha256-+3OmaXEF2B3aGOCADx75BF+H1bm9jygsKpLSjR+gOAY=",
        "owner": "dguibert",
        "repo": "home-manager",
        "rev": "50de2b9c9959455656d280e10a590aa6bd975b0e",
        "type": "github"
      },
      "original": {
        "owner": "dguibert",
        "ref": "pu",
        "repo": "home-manager",
        "type": "github"
      }
    },
    "lowdown-src": {
      "flake": false,
      "locked": {
        "lastModified": 1628247802,
        "narHash": "sha256-4XSXGYvKqogR7bubyqYNwBHYCtrIn6XRGXj6+u+BXNs=",
        "owner": "kristapsdz",
        "repo": "lowdown",
        "rev": "b4483d0ef85990f54b864158ab786b4a5b3904fa",
        "type": "github"
      },
      "original": {
        "owner": "kristapsdz",
        "ref": "VERSION_0_8_6",
        "repo": "lowdown",
        "type": "github"
      }
    },
    "nix": {
      "inputs": {
        "lowdown-src": "lowdown-src",
        "nixpkgs": [
          "nixpkgs"
        ]
      },
      "locked": {
        "lastModified": 1631806499,
        "narHash": "sha256-/faHKjj2p9lWVFUYK6A88LhQA2BV4guWIAOJoQRGaQ4=",
        "owner": "dguibert",
        "repo": "nix",
        "rev": "a828ef7ec896e4318d62d2bb5fd391e1aabf242e",
        "type": "github"
      },
      "original": {
        "owner": "dguibert",
        "repo": "nix",
        "rev": "a828ef7ec896e4318d62d2bb5fd391e1aabf242e",
        "type": "github"
      }
    },
    "nixpkgs": {
      "locked": {
        "lastModified": 1639996387,
        "narHash": "sha256-lSuTyyd6IjVO2jAAL+bX7meOHcBfxh/V4IO0KnyA4AA=",
        "owner": "dguibert",
        "repo": "nixpkgs",
        "rev": "b2897673b0215e857c8315dd8ad3af93f727aed6",
        "type": "github"
      },
      "original": {
        "owner": "dguibert",
        "ref": "pu-cluster",
        "repo": "nixpkgs",
        "type": "github"
      }
    },
    "nxsession": {
      "inputs": {
        "flake-utils": "flake-utils_2",
        "nixpkgs": [
          "nixpkgs"
        ]
      },
      "locked": {
        "lastModified": 1606742671,
        "narHash": "sha256-n4OeCfA6AgocFDj7nJagShihBuDYj7Ljx8C5meLEj1Q=",
        "owner": "dguibert",
        "repo": "nxsession",
        "rev": "f41152646473d78a3b47636806fb3de1218da327",
        "type": "github"
      },
      "original": {
        "owner": "dguibert",
        "repo": "nxsession",
        "type": "github"
      }
    },
    "root": {
      "inputs": {
        "base16-nix": "base16-nix",
        "deploy-rs": "deploy-rs",
        "flake-utils": "flake-utils",
        "home-manager": "home-manager",
        "nix": "nix",
        "nixpkgs": "nixpkgs",
        "nxsession": "nxsession"
      }
    },
    "utils": {
      "locked": {
        "lastModified": 1631561581,
        "narHash": "sha256-3VQMV5zvxaVLvqqUrNz3iJelLw30mIVSfZmAaauM3dA=",
        "owner": "numtide",
        "repo": "flake-utils",
        "rev": "7e5bf3925f6fbdfaf50a2a7ca0be2879c4261d19",
        "type": "github"
      },
      "original": {
        "owner": "numtide",
        "repo": "flake-utils",
        "type": "github"
      }
    }
  },
  "root": "root",
  "version": 7
}
