{
  "nodes": {
    "flake-utils": {
      "locked": {
        "lastModified": 1610051610,
        "narHash": "sha256-U9rPz/usA1/Aohhk7Cmc2gBrEEKRzcW4nwPWMPwja4Y=",
        "owner": "numtide",
        "repo": "flake-utils",
        "rev": "3982c9903e93927c2164caa727cd3f6a0e6d14cc",
        "type": "github"
      },
      "original": {
        "owner": "numtide",
        "repo": "flake-utils",
        "type": "github"
      }
    },
    "lowdown-src": {
      "flake": false,
      "locked": {
        "lastModified": 1598695561,
        "narHash": "sha256-gyH/5j+h/nWw0W8AcR2WKvNBUsiQ7QuxqSJNXAwV+8E=",
        "owner": "kristapsdz",
        "repo": "lowdown",
        "rev": "1705b4a26fbf065d9574dce47a94e8c7c79e052f",
        "type": "github"
      },
      "original": {
        "owner": "kristapsdz",
        "repo": "lowdown",
        "type": "github"
      }
    },
    "nix": {
      "inputs": {
        "lowdown-src": "lowdown-src",
        "nixpkgs": [
          "nixpkgs"
        ]
      },
      "locked": {
        "lastModified": 1611493852,
        "narHash": "sha256-6mVG5keS6tLwVYoROFT4OgIJ3MASn+ZMtACEk1nJXgU=",
        "owner": "dguibert",
        "repo": "nix",
        "rev": "bf3a46f21985c261a33f226c8000bc88ce9b1de6",
        "type": "github"
      },
      "original": {
        "owner": "dguibert",
        "ref": "pu",
        "repo": "nix",
        "type": "github"
      }
    },
    "nix-ccache": {
      "inputs": {
        "nixpkgs": [
          "nixpkgs"
        ]
      },
      "locked": {
        "lastModified": 1592238424,
        "narHash": "sha256-ysTi7+l+dE72ubCYv69S3gUFpzqWR+aI6P2GcXdZPKQ=",
        "owner": "dguibert",
        "repo": "nix-ccache",
        "rev": "edea4b70204980cad6edcea495ec07fd71bc3353",
        "type": "github"
      },
      "original": {
        "owner": "dguibert",
        "ref": "pu",
        "repo": "nix-ccache",
        "type": "github"
      }
    },
    "nixpkgs": {
      "locked": {
        "lastModified": 1612626287,
        "narHash": "sha256-WYpyLM6Ieh2pwa8W+kFcQdIpuEhTXPeu/+2Y+2zbcIY=",
        "owner": "dguibert",
        "repo": "nixpkgs",
        "rev": "cf820456ba659d24087d46ba537d0ac376afe49b",
        "type": "github"
      },
      "original": {
        "owner": "dguibert",
        "ref": "pu",
        "repo": "nixpkgs",
        "type": "github"
      }
    },
    "nur_dguibert_envs": {
      "inputs": {
        "nix": [
          "nix"
        ],
        "nix-ccache": "nix-ccache",
        "nixpkgs": [
          "nixpkgs"
        ]
      },
      "locked": {
        "dir": "envs",
        "lastModified": 1612804766,
        "narHash": "sha256-XYWYpVqA10VRTt7H8e8f7FERMavl8coPbfD7s0M3odc=",
        "type": "git",
        "url": "file:///home/dguibert/nur-packages?dir=envs"
      },
      "original": {
        "dir": "envs",
        "type": "git",
        "url": "file:///home/dguibert/nur-packages?dir=envs"
      }
    },
    "root": {
      "inputs": {
        "flake-utils": "flake-utils",
        "nix": "nix",
        "nixpkgs": "nixpkgs",
        "nur_dguibert_envs": "nur_dguibert_envs"
      }
    }
  },
  "root": "root",
  "version": 7
}
