{
  "nodes": {
    "flake-utils": {
      "locked": {
        "lastModified": 1631561581,
        "narHash": "sha256-3VQMV5zvxaVLvqqUrNz3iJelLw30mIVSfZmAaauM3dA=",
        "owner": "numtide",
        "repo": "flake-utils",
        "rev": "7e5bf3925f6fbdfaf50a2a7ca0be2879c4261d19",
        "type": "github"
      },
      "original": {
        "owner": "numtide",
        "repo": "flake-utils",
        "type": "github"
      }
    },
    "lowdown-src": {
      "flake": false,
      "locked": {
        "lastModified": 1628247802,
        "narHash": "sha256-4XSXGYvKqogR7bubyqYNwBHYCtrIn6XRGXj6+u+BXNs=",
        "owner": "kristapsdz",
        "repo": "lowdown",
        "rev": "b4483d0ef85990f54b864158ab786b4a5b3904fa",
        "type": "github"
      },
      "original": {
        "owner": "kristapsdz",
        "ref": "VERSION_0_8_6",
        "repo": "lowdown",
        "type": "github"
      }
    },
    "nix": {
      "inputs": {
        "lowdown-src": "lowdown-src",
        "nixpkgs": [
          "nixpkgs"
        ]
      },
      "locked": {
        "lastModified": 1631806499,
        "narHash": "sha256-/faHKjj2p9lWVFUYK6A88LhQA2BV4guWIAOJoQRGaQ4=",
        "owner": "dguibert",
        "repo": "nix",
        "rev": "a828ef7ec896e4318d62d2bb5fd391e1aabf242e",
        "type": "github"
      },
      "original": {
        "owner": "dguibert",
        "ref": "pu",
        "repo": "nix",
        "type": "github"
      }
    },
    "nixpkgs": {
      "locked": {
        "lastModified": 1632906320,
        "narHash": "sha256-y4CNkmCGF3ejXdgdHWYR+PG+wycGDUoJZU/56VWCeUA=",
        "owner": "dguibert",
        "repo": "nixpkgs",
        "rev": "b933335e4ff20f348ddb9832405c7c63986c6238",
        "type": "github"
      },
      "original": {
        "owner": "dguibert",
        "ref": "pu",
        "repo": "nixpkgs",
        "type": "github"
      }
    },
    "root": {
      "inputs": {
        "flake-utils": "flake-utils",
        "nix": "nix",
        "nixpkgs": "nixpkgs"
      }
    }
  },
  "root": "root",
  "version": 7
}
